
Microsoft Visual Studio Solution File, Format Version 12.00
# Visual Studio Version 17
VisualStudioVersion = 17.1.32421.90
MinimumVisualStudioVersion = 10.0.40219.1
Project("{FAE04EC0-301F-11D3-BF4B-00C04F79EFBC}") = "Aufgabe1_Kleinere_Zahl", "Aufgabe1_Kleinere_Zahl\Aufgabe1_Kleinere_Zahl.csproj", "{9B029087-74F3-44C2-995F-313B931C709E}"
EndProject
Project("{FAE04EC0-301F-11D3-BF4B-00C04F79EFBC}") = "Aufgabe2_Herzinfarkt", "Aufgabe2_Herzinfarkt\Aufgabe2_Herzinfarkt.csproj", "{869F35F7-B8DE-4CDC-B361-27C0D52EDCF4}"
EndProject
Project("{FAE04EC0-301F-11D3-BF4B-00C04F79EFBC}") = "Aufgabe3_Rechner", "Aufgabe3_Rechner\Aufgabe3_Rechner.csproj", "{C9C3ACE2-722B-4C5E-81F5-920F60271713}"
EndProject
Project("{2150E333-8FDC-42A3-9474-1A3956D46DE8}") = "Tests", "Tests", "{D18E7C20-9718-4C5E-BF38-DEDAF4391A59}"
EndProject
Project("{FAE04EC0-301F-11D3-BF4B-00C04F79EFBC}") = "Test_Task1", "Test_Task1\Test_Task1.csproj", "{1993C69E-3DA2-4C33-83C2-DEB54586A572}"
EndProject
Project("{FAE04EC0-301F-11D3-BF4B-00C04F79EFBC}") = "Test_Task2", "Test_Task2\Test_Task2.csproj", "{8F4583AC-064C-48F5-BEC3-4BC58A793237}"
EndProject
Project("{FAE04EC0-301F-11D3-BF4B-00C04F79EFBC}") = "Test_Task3", "Test_Task3\Test_Task3.csproj", "{98BC4CF6-4ED0-4345-ACA6-94A94F2E7E4B}"
EndProject
Global
	GlobalSection(SolutionConfigurationPlatforms) = preSolution
		Debug|Any CPU = Debug|Any CPU
		Release|Any CPU = Release|Any CPU
	EndGlobalSection
	GlobalSection(ProjectConfigurationPlatforms) = postSolution
		{9B029087-74F3-44C2-995F-313B931C709E}.Debug|Any CPU.ActiveCfg = Debug|Any CPU
		{9B029087-74F3-44C2-995F-313B931C709E}.Debug|Any CPU.Build.0 = Debug|Any CPU
		{9B029087-74F3-44C2-995F-313B931C709E}.Release|Any CPU.ActiveCfg = Release|Any CPU
		{9B029087-74F3-44C2-995F-313B931C709E}.Release|Any CPU.Build.0 = Release|Any CPU
		{869F35F7-B8DE-4CDC-B361-27C0D52EDCF4}.Debug|Any CPU.ActiveCfg = Debug|Any CPU
		{869F35F7-B8DE-4CDC-B361-27C0D52EDCF4}.Debug|Any CPU.Build.0 = Debug|Any CPU
		{869F35F7-B8DE-4CDC-B361-27C0D52EDCF4}.Release|Any CPU.ActiveCfg = Release|Any CPU
		{869F35F7-B8DE-4CDC-B361-27C0D52EDCF4}.Release|Any CPU.Build.0 = Release|Any CPU
		{C9C3ACE2-722B-4C5E-81F5-920F60271713}.Debug|Any CPU.ActiveCfg = Debug|Any CPU
		{C9C3ACE2-722B-4C5E-81F5-920F60271713}.Debug|Any CPU.Build.0 = Debug|Any CPU
		{C9C3ACE2-722B-4C5E-81F5-920F60271713}.Release|Any CPU.ActiveCfg = Release|Any CPU
		{C9C3ACE2-722B-4C5E-81F5-920F60271713}.Release|Any CPU.Build.0 = Release|Any CPU
		{1993C69E-3DA2-4C33-83C2-DEB54586A572}.Debug|Any CPU.ActiveCfg = Debug|Any CPU
		{1993C69E-3DA2-4C33-83C2-DEB54586A572}.Debug|Any CPU.Build.0 = Debug|Any CPU
		{1993C69E-3DA2-4C33-83C2-DEB54586A572}.Release|Any CPU.ActiveCfg = Release|Any CPU
		{1993C69E-3DA2-4C33-83C2-DEB54586A572}.Release|Any CPU.Build.0 = Release|Any CPU
		{8F4583AC-064C-48F5-BEC3-4BC58A793237}.Debug|Any CPU.ActiveCfg = Debug|Any CPU
		{8F4583AC-064C-48F5-BEC3-4BC58A793237}.Debug|Any CPU.Build.0 = Debug|Any CPU
		{8F4583AC-064C-48F5-BEC3-4BC58A793237}.Release|Any CPU.ActiveCfg = Release|Any CPU
		{8F4583AC-064C-48F5-BEC3-4BC58A793237}.Release|Any CPU.Build.0 = Release|Any CPU
		{98BC4CF6-4ED0-4345-ACA6-94A94F2E7E4B}.Debug|Any CPU.ActiveCfg = Debug|Any CPU
		{98BC4CF6-4ED0-4345-ACA6-94A94F2E7E4B}.Debug|Any CPU.Build.0 = Debug|Any CPU
		{98BC4CF6-4ED0-4345-ACA6-94A94F2E7E4B}.Release|Any CPU.ActiveCfg = Release|Any CPU
		{98BC4CF6-4ED0-4345-ACA6-94A94F2E7E4B}.Release|Any CPU.Build.0 = Release|Any CPU
	EndGlobalSection
	GlobalSection(SolutionProperties) = preSolution
		HideSolutionNode = FALSE
	EndGlobalSection
	GlobalSection(NestedProjects) = preSolution
		{1993C69E-3DA2-4C33-83C2-DEB54586A572} = {D18E7C20-9718-4C5E-BF38-DEDAF4391A59}
		{8F4583AC-064C-48F5-BEC3-4BC58A793237} = {D18E7C20-9718-4C5E-BF38-DEDAF4391A59}
		{98BC4CF6-4ED0-4345-ACA6-94A94F2E7E4B} = {D18E7C20-9718-4C5E-BF38-DEDAF4391A59}
	EndGlobalSection
	GlobalSection(ExtensibilityGlobals) = postSolution
		SolutionGuid = {882A6092-722B-456F-91F4-B8524515F205}
	EndGlobalSection
EndGlobal
